
Microsoft Visual Studio Solution File, Format Version 12.00
# Visual Studio Version 17
VisualStudioVersion = 17.8.34316.72
MinimumVisualStudioVersion = 10.0.40219.1
Project("{FAE04EC0-301F-11D3-BF4B-00C04F79EFBC}") = "BooksAdvanced", "BooksAdvanced\BooksAdvanced.csproj", "{17F0829A-C814-4950-ABE9-DD16D6FC78CE}"
EndProject
Project("{FAE04EC0-301F-11D3-BF4B-00C04F79EFBC}") = "LibraryStoredProcedure", "LibraryStoredProcedure\LibraryStoredProcedure.csproj", "{094681D5-583A-4F9D-8E59-A17A23798806}"
EndProject
Global
	GlobalSection(SolutionConfigurationPlatforms) = preSolution
		Debug|Any CPU = Debug|Any CPU
		Release|Any CPU = Release|Any CPU
	EndGlobalSection
	GlobalSection(ProjectConfigurationPlatforms) = postSolution
		{17F0829A-C814-4950-ABE9-DD16D6FC78CE}.Debug|Any CPU.ActiveCfg = Debug|Any CPU
		{17F0829A-C814-4950-ABE9-DD16D6FC78CE}.Debug|Any CPU.Build.0 = Debug|Any CPU
		{17F0829A-C814-4950-ABE9-DD16D6FC78CE}.Release|Any CPU.ActiveCfg = Release|Any CPU
		{17F0829A-C814-4950-ABE9-DD16D6FC78CE}.Release|Any CPU.Build.0 = Release|Any CPU
		{094681D5-583A-4F9D-8E59-A17A23798806}.Debug|Any CPU.ActiveCfg = Debug|Any CPU
		{094681D5-583A-4F9D-8E59-A17A23798806}.Debug|Any CPU.Build.0 = Debug|Any CPU
		{094681D5-583A-4F9D-8E59-A17A23798806}.Release|Any CPU.ActiveCfg = Release|Any CPU
		{094681D5-583A-4F9D-8E59-A17A23798806}.Release|Any CPU.Build.0 = Release|Any CPU
	EndGlobalSection
	GlobalSection(SolutionProperties) = preSolution
		HideSolutionNode = FALSE
	EndGlobalSection
	GlobalSection(ExtensibilityGlobals) = postSolution
		SolutionGuid = {BA02BD71-CD4B-416E-ADBA-6175C9C0B48C}
	EndGlobalSection
EndGlobal
